
Microsoft Visual Studio Solution File, Format Version 12.00
# Visual Studio Version 17
VisualStudioVersion = 17.10.35122.118
MinimumVisualStudioVersion = 10.0.40219.1
Project("{8BC9CEB8-8B4A-11D0-8D11-00A0C91BC942}") = "CLI Text Adventure Engine", "CLI Text Adventure Engine.vcxproj", "{76DFEF2D-5E8F-4F95-BE69-E82A3BDC238F}"
EndProject
Global
	GlobalSection(SolutionConfigurationPlatforms) = preSolution
		Debug|x64 = Debug|x64
		Debug|x86 = Debug|x86
		Release|x64 = Release|x64
		Release|x86 = Release|x86
	EndGlobalSection
	GlobalSection(ProjectConfigurationPlatforms) = postSolution
		{76DFEF2D-5E8F-4F95-BE69-E82A3BDC238F}.Debug|x64.ActiveCfg = Debug|x64
		{76DFEF2D-5E8F-4F95-BE69-E82A3BDC238F}.Debug|x64.Build.0 = Debug|x64
		{76DFEF2D-5E8F-4F95-BE69-E82A3BDC238F}.Debug|x86.ActiveCfg = Debug|Win32
		{76DFEF2D-5E8F-4F95-BE69-E82A3BDC238F}.Debug|x86.Build.0 = Debug|Win32
		{76DFEF2D-5E8F-4F95-BE69-E82A3BDC238F}.Release|x64.ActiveCfg = Release|x64
		{76DFEF2D-5E8F-4F95-BE69-E82A3BDC238F}.Release|x64.Build.0 = Release|x64
		{76DFEF2D-5E8F-4F95-BE69-E82A3BDC238F}.Release|x86.ActiveCfg = Release|Win32
		{76DFEF2D-5E8F-4F95-BE69-E82A3BDC238F}.Release|x86.Build.0 = Release|Win32
	EndGlobalSection
	GlobalSection(SolutionProperties) = preSolution
		HideSolutionNode = FALSE
	EndGlobalSection
	GlobalSection(ExtensibilityGlobals) = postSolution
		SolutionGuid = {0A5D759E-B2A5-4E73-8882-838A6AC1E512}
	EndGlobalSection
EndGlobal
